
Microsoft Visual Studio Solution File, Format Version 12.00
# Visual Studio Version 16
VisualStudioVersion = 16.0.33927.289
MinimumVisualStudioVersion = 10.0.40219.1
Project("{FAE04EC0-301F-11D3-BF4B-00C04F79EFBC}") = "Parcial1", "Parcial1\Parcial1.csproj", "{7CD17AD6-D0CB-4F8C-B10B-FC33F81A5B08}"
EndProject
Global
	GlobalSection(SolutionConfigurationPlatforms) = preSolution
		Debug|Any CPU = Debug|Any CPU
		Release|Any CPU = Release|Any CPU
	EndGlobalSection
	GlobalSection(ProjectConfigurationPlatforms) = postSolution
		{7CD17AD6-D0CB-4F8C-B10B-FC33F81A5B08}.Debug|Any CPU.ActiveCfg = Debug|Any CPU
		{7CD17AD6-D0CB-4F8C-B10B-FC33F81A5B08}.Debug|Any CPU.Build.0 = Debug|Any CPU
		{7CD17AD6-D0CB-4F8C-B10B-FC33F81A5B08}.Release|Any CPU.ActiveCfg = Release|Any CPU
		{7CD17AD6-D0CB-4F8C-B10B-FC33F81A5B08}.Release|Any CPU.Build.0 = Release|Any CPU
	EndGlobalSection
	GlobalSection(SolutionProperties) = preSolution
		HideSolutionNode = FALSE
	EndGlobalSection
	GlobalSection(ExtensibilityGlobals) = postSolution
		SolutionGuid = {8F700A83-8122-423A-A980-AC70C4CD5C51}
	EndGlobalSection
EndGlobal
